{
  "nodes": {
    "nixpkgs": {
      "locked": {
        "lastModified": 1602184092,
        "narHash": "sha256-xNDOLLo6I5tvVnMlaz8I1XLM+FxoRopZISB9unMSZ3o=",
        "owner": "NixOS",
        "repo": "nixpkgs",
        "rev": "8ef2c0e07afb6abb0097256085862b1463f3d0d6",
        "type": "github"
      },
      "original": {
        "owner": "NixOS",
        "ref": "master",
        "repo": "nixpkgs",
        "type": "github"
      }
    },
    "root": {
      "inputs": {
        "nixpkgs": "nixpkgs"
      }
    }
  },
  "root": "root",
  "version": 7
}
